// !$*UTF8*$!
{
	archiveVersion = 1;
	classes = {
	};
	objectVersion = 46;
	objects = {

/* Begin PBXBuildFile section */
		56A1950F192E8A8E0077F539 /* Foundation.framework in Frameworks */ = {isa = PBXBuildFile; fileRef = 56A1950E192E8A8E0077F539 /* Foundation.framework */; };
		56A19511192E8A8E0077F539 /* CoreGraphics.framework in Frameworks */ = {isa = PBXBuildFile; fileRef = 56A19510192E8A8E0077F539 /* CoreGraphics.framework */; };
		56A19513192E8A8E0077F539 /* UIKit.framework in Frameworks */ = {isa = PBXBuildFile; fileRef = 56A19512192E8A8E0077F539 /* UIKit.framework */; };
		56A19519192E8A8E0077F539 /* InfoPlist.strings in Resources */ = {isa = PBXBuildFile; fileRef = 56A19517192E8A8E0077F539 /* InfoPlist.strings */; };
		56A1951B192E8A8E0077F539 /* main.m in Sources */ = {isa = PBXBuildFile; fileRef = 56A1951A192E8A8E0077F539 /* main.m */; };
		56A1951F192E8A8E0077F539 /* GTAppDelegate.m in Sources */ = {isa = PBXBuildFile; fileRef = 56A1951E192E8A8E0077F539 /* GTAppDelegate.m */; };
		56A19521192E8A8E0077F539 /* Images.xcassets in Resources */ = {isa = PBXBuildFile; fileRef = 56A19520192E8A8E0077F539 /* Images.xcassets */; };
		56A19528192E8A8F0077F539 /* XCTest.framework in Frameworks */ = {isa = PBXBuildFile; fileRef = 56A19527192E8A8F0077F539 /* XCTest.framework */; };
		56A19529192E8A8F0077F539 /* Foundation.framework in Frameworks */ = {isa = PBXBuildFile; fileRef = 56A1950E192E8A8E0077F539 /* Foundation.framework */; };
		56A1952A192E8A8F0077F539 /* UIKit.framework in Frameworks */ = {isa = PBXBuildFile; fileRef = 56A19512192E8A8E0077F539 /* UIKit.framework */; };
		56A19532192E8A8F0077F539 /* InfoPlist.strings in Resources */ = {isa = PBXBuildFile; fileRef = 56A19530192E8A8F0077F539 /* InfoPlist.strings */; };
		56A19534192E8A8F0077F539 /* PassingDataTests.m in Sources */ = {isa = PBXBuildFile; fileRef = 56A19533192E8A8F0077F539 /* PassingDataTests.m */; };
		56A19540192E8EC10077F539 /* FirstViewController.m in Sources */ = {isa = PBXBuildFile; fileRef = 56A1953E192E8EC10077F539 /* FirstViewController.m */; };
		56A19541192E8EC10077F539 /* FirstViewController.xib in Resources */ = {isa = PBXBuildFile; fileRef = 56A1953F192E8EC10077F539 /* FirstViewController.xib */; };
		56A19544192E8F810077F539 /* Country.m in Sources */ = {isa = PBXBuildFile; fileRef = 56A19543192E8F810077F539 /* Country.m */; };
		56A19548192E90940077F539 /* SecondViewController.m in Sources */ = {isa = PBXBuildFile; fileRef = 56A19546192E90940077F539 /* SecondViewController.m */; };
		56A19549192E90940077F539 /* SecondViewController.xib in Resources */ = {isa = PBXBuildFile; fileRef = 56A19547192E90940077F539 /* SecondViewController.xib */; };
/* End PBXBuildFile section */

/* Begin PBXContainerItemProxy section */
		56A1952B192E8A8F0077F539 /* PBXContainerItemProxy */ = {
			isa = PBXContainerItemProxy;
			containerPortal = 56A19503192E8A8E0077F539 /* Project object */;
			proxyType = 1;
			remoteGlobalIDString = 56A1950A192E8A8E0077F539;
			remoteInfo = PassingData;
		};
/* End PBXContainerItemProxy section */

/* Begin PBXFileReference section */
		56A1950B192E8A8E0077F539 /* PassingData.app */ = {isa = PBXFileReference; explicitFileType = wrapper.application; includeInIndex = 0; path = PassingData.app; sourceTree = BUILT_PRODUCTS_DIR; };
		56A1950E192E8A8E0077F539 /* Foundation.framework */ = {isa = PBXFileReference; lastKnownFileType = wrapper.framework; name = Foundation.framework; path = System/Library/Frameworks/Foundation.framework; sourceTree = SDKROOT; };
		56A19510192E8A8E0077F539 /* CoreGraphics.framework */ = {isa = PBXFileReference; lastKnownFileType = wrapper.framework; name = CoreGraphics.framework; path = System/Library/Frameworks/CoreGraphics.framework; sourceTree = SDKROOT; };
		56A19512192E8A8E0077F539 /* UIKit.framework */ = {isa = PBXFileReference; lastKnownFileType = wrapper.framework; name = UIKit.framework; path = System/Library/Frameworks/UIKit.framework; sourceTree = SDKROOT; };
		56A19516192E8A8E0077F539 /* PassingData-Info.plist */ = {isa = PBXFileReference; lastKnownFileType = text.plist.xml; path = "PassingData-Info.plist"; sourceTree = "<group>"; };
		56A19518192E8A8E0077F539 /* en */ = {isa = PBXFileReference; lastKnownFileType = text.plist.strings; name = en; path = en.lproj/InfoPlist.strings; sourceTree = "<group>"; };
		56A1951A192E8A8E0077F539 /* main.m */ = {isa = PBXFileReference; lastKnownFileType = sourcecode.c.objc; path = main.m; sourceTree = "<group>"; };
		56A1951C192E8A8E0077F539 /* PassingData-Prefix.pch */ = {isa = PBXFileReference; lastKnownFileType = sourcecode.c.h; path = "PassingData-Prefix.pch"; sourceTree = "<group>"; };
		56A1951D192E8A8E0077F539 /* GTAppDelegate.h */ = {isa = PBXFileReference; lastKnownFileType = sourcecode.c.h; path = GTAppDelegate.h; sourceTree = "<group>"; };
		56A1951E192E8A8E0077F539 /* GTAppDelegate.m */ = {isa = PBXFileReference; lastKnownFileType = sourcecode.c.objc; path = GTAppDelegate.m; sourceTree = "<group>"; };
		56A19520192E8A8E0077F539 /* Images.xcassets */ = {isa = PBXFileReference; lastKnownFileType = folder.assetcatalog; path = Images.xcassets; sourceTree = "<group>"; };
		56A19526192E8A8F0077F539 /* PassingDataTests.xctest */ = {isa = PBXFileReference; explicitFileType = wrapper.cfbundle; includeInIndex = 0; path = PassingDataTests.xctest; sourceTree = BUILT_PRODUCTS_DIR; };
		56A19527192E8A8F0077F539 /* XCTest.framework */ = {isa = PBXFileReference; lastKnownFileType = wrapper.framework; name = XCTest.framework; path = Library/Frameworks/XCTest.framework; sourceTree = DEVELOPER_DIR; };
		56A1952F192E8A8F0077F539 /* PassingDataTests-Info.plist */ = {isa = PBXFileReference; lastKnownFileType = text.plist.xml; path = "PassingDataTests-Info.plist"; sourceTree = "<group>"; };
		56A19531192E8A8F0077F539 /* en */ = {isa = PBXFileReference; lastKnownFileType = text.plist.strings; name = en; path = en.lproj/InfoPlist.strings; sourceTree = "<group>"; };
		56A19533192E8A8F0077F539 /* PassingDataTests.m */ = {isa = PBXFileReference; lastKnownFileType = sourcecode.c.objc; path = PassingDataTests.m; sourceTree = "<group>"; };
		56A1953D192E8EC10077F539 /* FirstViewController.h */ = {isa = PBXFileReference; fileEncoding = 4; lastKnownFileType = sourcecode.c.h; path = FirstViewController.h; sourceTree = "<group>"; };
		56A1953E192E8EC10077F539 /* FirstViewController.m */ = {isa = PBXFileReference; fileEncoding = 4; lastKnownFileType = sourcecode.c.objc; path = FirstViewController.m; sourceTree = "<group>"; };
		56A1953F192E8EC10077F539 /* FirstViewController.xib */ = {isa = PBXFileReference; fileEncoding = 4; lastKnownFileType = file.xib; path = FirstViewController.xib; sourceTree = "<group>"; };
		56A19542192E8F810077F539 /* Country.h */ = {isa = PBXFileReference; fileEncoding = 4; lastKnownFileType = sourcecode.c.h; path = Country.h; sourceTree = "<group>"; };
		56A19543192E8F810077F539 /* Country.m */ = {isa = PBXFileReference; fileEncoding = 4; lastKnownFileType = sourcecode.c.objc; path = Country.m; sourceTree = "<group>"; };
		56A19545192E90940077F539 /* SecondViewController.h */ = {isa = PBXFileReference; fileEncoding = 4; lastKnownFileType = sourcecode.c.h; path = SecondViewController.h; sourceTree = "<group>"; };
		56A19546192E90940077F539 /* SecondViewController.m */ = {isa = PBXFileReference; fileEncoding = 4; lastKnownFileType = sourcecode.c.objc; path = SecondViewController.m; sourceTree = "<group>"; };
		56A19547192E90940077F539 /* SecondViewController.xib */ = {isa = PBXFileReference; fileEncoding = 4; lastKnownFileType = file.xib; path = SecondViewController.xib; sourceTree = "<group>"; };
/* End PBXFileReference section */

/* Begin PBXFrameworksBuildPhase section */
		56A19508192E8A8E0077F539 /* Frameworks */ = {
			isa = PBXFrameworksBuildPhase;
			buildActionMask = 2147483647;
			files = (
				56A19511192E8A8E0077F539 /* CoreGraphics.framework in Frameworks */,
				56A19513192E8A8E0077F539 /* UIKit.framework in Frameworks */,
				56A1950F192E8A8E0077F539 /* Foundation.framework in Frameworks */,
			);
			runOnlyForDeploymentPostprocessing = 0;
		};
		56A19523192E8A8F0077F539 /* Frameworks */ = {
			isa = PBXFrameworksBuildPhase;
			buildActionMask = 2147483647;
			files = (
				56A19528192E8A8F0077F539 /* XCTest.framework in Frameworks */,
				56A1952A192E8A8F0077F539 /* UIKit.framework in Frameworks */,
				56A19529192E8A8F0077F539 /* Foundation.framework in Frameworks */,
			);
			runOnlyForDeploymentPostprocessing = 0;
		};
/* End PBXFrameworksBuildPhase section */

/* Begin PBXGroup section */
		56A19502192E8A8E0077F539 = {
			isa = PBXGroup;
			children = (
				56A19514192E8A8E0077F539 /* PassingData */,
				56A1952D192E8A8F0077F539 /* PassingDataTests */,
				56A1950D192E8A8E0077F539 /* Frameworks */,
				56A1950C192E8A8E0077F539 /* Products */,
			);
			sourceTree = "<group>";
		};
		56A1950C192E8A8E0077F539 /* Products */ = {
			isa = PBXGroup;
			children = (
				56A1950B192E8A8E0077F539 /* PassingData.app */,
				56A19526192E8A8F0077F539 /* PassingDataTests.xctest */,
			);
			name = Products;
			sourceTree = "<group>";
		};
		56A1950D192E8A8E0077F539 /* Frameworks */ = {
			isa = PBXGroup;
			children = (
				56A1950E192E8A8E0077F539 /* Foundation.framework */,
				56A19510192E8A8E0077F539 /* CoreGraphics.framework */,
				56A19512192E8A8E0077F539 /* UIKit.framework */,
				56A19527192E8A8F0077F539 /* XCTest.framework */,
			);
			name = Frameworks;
			sourceTree = "<group>";
		};
		56A19514192E8A8E0077F539 /* PassingData */ = {
			isa = PBXGroup;
			children = (
				56A1951D192E8A8E0077F539 /* GTAppDelegate.h */,
				56A1951E192E8A8E0077F539 /* GTAppDelegate.m */,
				56A1953D192E8EC10077F539 /* FirstViewController.h */,
				56A1953E192E8EC10077F539 /* FirstViewController.m */,
				56A19545192E90940077F539 /* SecondViewController.h */,
				56A19546192E90940077F539 /* SecondViewController.m */,
				56A19547192E90940077F539 /* SecondViewController.xib */,
				56A19542192E8F810077F539 /* Country.h */,
				56A19543192E8F810077F539 /* Country.m */,
				56A1953F192E8EC10077F539 /* FirstViewController.xib */,
				56A19520192E8A8E0077F539 /* Images.xcassets */,
				56A19515192E8A8E0077F539 /* Supporting Files */,
			);
			path = PassingData;
			sourceTree = "<group>";
		};
		56A19515192E8A8E0077F539 /* Supporting Files */ = {
			isa = PBXGroup;
			children = (
				56A19516192E8A8E0077F539 /* PassingData-Info.plist */,
				56A19517192E8A8E0077F539 /* InfoPlist.strings */,
				56A1951A192E8A8E0077F539 /* main.m */,
				56A1951C192E8A8E0077F539 /* PassingData-Prefix.pch */,
			);
			name = "Supporting Files";
			sourceTree = "<group>";
		};
		56A1952D192E8A8F0077F539 /* PassingDataTests */ = {
			isa = PBXGroup;
			children = (
				56A19533192E8A8F0077F539 /* PassingDataTests.m */,
				56A1952E192E8A8F0077F539 /* Supporting Files */,
			);
			path = PassingDataTests;
			sourceTree = "<group>";
		};
		56A1952E192E8A8F0077F539 /* Supporting Files */ = {
			isa = PBXGroup;
			children = (
				56A1952F192E8A8F0077F539 /* PassingDataTests-Info.plist */,
				56A19530192E8A8F0077F539 /* InfoPlist.strings */,
			);
			name = "Supporting Files";
			sourceTree = "<group>";
		};
/* End PBXGroup section */

/* Begin PBXNativeTarget section */
		56A1950A192E8A8E0077F539 /* PassingData */ = {
			isa = PBXNativeTarget;
			buildConfigurationList = 56A19537192E8A8F0077F539 /* Build configuration list for PBXNativeTarget "PassingData" */;
			buildPhases = (
				56A19507192E8A8E0077F539 /* Sources */,
				56A19508192E8A8E0077F539 /* Frameworks */,
				56A19509192E8A8E0077F539 /* Resources */,
			);
			buildRules = (
			);
			dependencies = (
			);
			name = PassingData;
			productName = PassingData;
			productReference = 56A1950B192E8A8E0077F539 /* PassingData.app */;
			productType = "com.apple.product-type.application";
		};
		56A19525192E8A8F0077F539 /* PassingDataTests */ = {
			isa = PBXNativeTarget;
			buildConfigurationList = 56A1953A192E8A8F0077F539 /* Build configuration list for PBXNativeTarget "PassingDataTests" */;
			buildPhases = (
				56A19522192E8A8F0077F539 /* Sources */,
				56A19523192E8A8F0077F539 /* Frameworks */,
				56A19524192E8A8F0077F539 /* Resources */,
			);
			buildRules = (
			);
			dependencies = (
				56A1952C192E8A8F0077F539 /* PBXTargetDependency */,
			);
			name = PassingDataTests;
			productName = PassingDataTests;
			productReference = 56A19526192E8A8F0077F539 /* PassingDataTests.xctest */;
			productType = "com.apple.product-type.bundle.unit-test";
		};
/* End PBXNativeTarget section */

/* Begin PBXProject section */
		56A19503192E8A8E0077F539 /* Project object */ = {
			isa = PBXProject;
			attributes = {
				CLASSPREFIX = GT;
				LastUpgradeCheck = 0510;
				ORGANIZATIONNAME = "Gramercy Consultants";
				TargetAttributes = {
					56A19525192E8A8F0077F539 = {
						TestTargetID = 56A1950A192E8A8E0077F539;
					};
				};
			};
			buildConfigurationList = 56A19506192E8A8E0077F539 /* Build configuration list for PBXProject "PassingData" */;
			compatibilityVersion = "Xcode 3.2";
			developmentRegion = English;
			hasScannedForEncodings = 0;
			knownRegions = (
				en,
			);
			mainGroup = 56A19502192E8A8E0077F539;
			productRefGroup = 56A1950C192E8A8E0077F539 /* Products */;
			projectDirPath = "";
			projectRoot = "";
			targets = (
				56A1950A192E8A8E0077F539 /* PassingData */,
				56A19525192E8A8F0077F539 /* PassingDataTests */,
			);
		};
/* End PBXProject section */

/* Begin PBXResourcesBuildPhase section */
		56A19509192E8A8E0077F539 /* Resources */ = {
			isa = PBXResourcesBuildPhase;
			buildActionMask = 2147483647;
			files = (
				56A19549192E90940077F539 /* SecondViewController.xib in Resources */,
				56A19519192E8A8E0077F539 /* InfoPlist.strings in Resources */,
				56A19541192E8EC10077F539 /* FirstViewController.xib in Resources */,
				56A19521192E8A8E0077F539 /* Images.xcassets in Resources */,
			);
			runOnlyForDeploymentPostprocessing = 0;
		};
		56A19524192E8A8F0077F539 /* Resources */ = {
			isa = PBXResourcesBuildPhase;
			buildActionMask = 2147483647;
			files = (
				56A19532192E8A8F0077F539 /* InfoPlist.strings in Resources */,
			);
			runOnlyForDeploymentPostprocessing = 0;
		};
/* End PBXResourcesBuildPhase section */

/* Begin PBXSourcesBuildPhase section */
		56A19507192E8A8E0077F539 /* Sources */ = {
			isa = PBXSourcesBuildPhase;
			buildActionMask = 2147483647;
			files = (
				56A19548192E90940077F539 /* SecondViewController.m in Sources */,
				56A19544192E8F810077F539 /* Country.m in Sources */,
				56A1951B192E8A8E0077F539 /* main.m in Sources */,
				56A19540192E8EC10077F539 /* FirstViewController.m in Sources */,
				56A1951F192E8A8E0077F539 /* GTAppDelegate.m in Sources */,
			);
			runOnlyForDeploymentPostprocessing = 0;
		};
		56A19522192E8A8F0077F539 /* Sources */ = {
			isa = PBXSourcesBuildPhase;
			buildActionMask = 2147483647;
			files = (
				56A19534192E8A8F0077F539 /* PassingDataTests.m in Sources */,
			);
			runOnlyForDeploymentPostprocessing = 0;
		};
/* End PBXSourcesBuildPhase section */

/* Begin PBXTargetDependency section */
		56A1952C192E8A8F0077F539 /* PBXTargetDependency */ = {
			isa = PBXTargetDependency;
			target = 56A1950A192E8A8E0077F539 /* PassingData */;
			targetProxy = 56A1952B192E8A8F0077F539 /* PBXContainerItemProxy */;
		};
/* End PBXTargetDependency section */

/* Begin PBXVariantGroup section */
		56A19517192E8A8E0077F539 /* InfoPlist.strings */ = {
			isa = PBXVariantGroup;
			children = (
				56A19518192E8A8E0077F539 /* en */,
			);
			name = InfoPlist.strings;
			sourceTree = "<group>";
		};
		56A19530192E8A8F0077F539 /* InfoPlist.strings */ = {
			isa = PBXVariantGroup;
			children = (
				56A19531192E8A8F0077F539 /* en */,
			);
			name = InfoPlist.strings;
			sourceTree = "<group>";
		};
/* End PBXVariantGroup section */

/* Begin XCBuildConfiguration section */
		56A19535192E8A8F0077F539 /* Debug */ = {
			isa = XCBuildConfiguration;
			buildSettings = {
				ALWAYS_SEARCH_USER_PATHS = NO;
				CLANG_CXX_LANGUAGE_STANDARD = "gnu++0x";
				CLANG_CXX_LIBRARY = "libc++";
				CLANG_ENABLE_MODULES = YES;
				CLANG_ENABLE_OBJC_ARC = YES;
				CLANG_WARN_BOOL_CONVERSION = YES;
				CLANG_WARN_CONSTANT_CONVERSION = YES;
				CLANG_WARN_DIRECT_OBJC_ISA_USAGE = YES_ERROR;
				CLANG_WARN_EMPTY_BODY = YES;
				CLANG_WARN_ENUM_CONVERSION = YES;
				CLANG_WARN_INT_CONVERSION = YES;
				CLANG_WARN_OBJC_ROOT_CLASS = YES_ERROR;
				CLANG_WARN__DUPLICATE_METHOD_MATCH = YES;
				"CODE_SIGN_IDENTITY[sdk=iphoneos*]" = "iPhone Developer";
				COPY_PHASE_STRIP = NO;
				GCC_C_LANGUAGE_STANDARD = gnu99;
				GCC_DYNAMIC_NO_PIC = NO;
				GCC_OPTIMIZATION_LEVEL = 0;
				GCC_PREPROCESSOR_DEFINITIONS = (
					"DEBUG=1",
					"$(inherited)",
				);
				GCC_SYMBOLS_PRIVATE_EXTERN = NO;
				GCC_WARN_64_TO_32_BIT_CONVERSION = YES;
				GCC_WARN_ABOUT_RETURN_TYPE = YES_ERROR;
				GCC_WARN_UNDECLARED_SELECTOR = YES;
				GCC_WARN_UNINITIALIZED_AUTOS = YES_AGGRESSIVE;
				GCC_WARN_UNUSED_FUNCTION = YES;
				GCC_WARN_UNUSED_VARIABLE = YES;
				IPHONEOS_DEPLOYMENT_TARGET = 7.1;
				ONLY_ACTIVE_ARCH = YES;
				SDKROOT = iphoneos;
			};
			name = Debug;
		};
		56A19536192E8A8F0077F539 /* Release */ = {
			isa = XCBuildConfiguration;
			buildSettings = {
				ALWAYS_SEARCH_USER_PATHS = NO;
				CLANG_CXX_LANGUAGE_STANDARD = "gnu++0x";
				CLANG_CXX_LIBRARY = "libc++";
				CLANG_ENABLE_MODULES = YES;
				CLANG_ENABLE_OBJC_ARC = YES;
				CLANG_WARN_BOOL_CONVERSION = YES;
				CLANG_WARN_CONSTANT_CONVERSION = YES;
				CLANG_WARN_DIRECT_OBJC_ISA_USAGE = YES_ERROR;
				CLANG_WARN_EMPTY_BODY = YES;
				CLANG_WARN_ENUM_CONVERSION = YES;
				CLANG_WARN_INT_CONVERSION = YES;
				CLANG_WARN_OBJC_ROOT_CLASS = YES_ERROR;
				CLANG_WARN__DUPLICATE_METHOD_MATCH = YES;
				"CODE_SIGN_IDENTITY[sdk=iphoneos*]" = "iPhone Developer";
				COPY_PHASE_STRIP = YES;
				ENABLE_NS_ASSERTIONS = NO;
				GCC_C_LANGUAGE_STANDARD = gnu99;
				GCC_WARN_64_TO_32_BIT_CONVERSION = YES;
				GCC_WARN_ABOUT_RETURN_TYPE = YES_ERROR;
				GCC_WARN_UNDECLARED_SELECTOR = YES;
				GCC_WARN_UNINITIALIZED_AUTOS = YES_AGGRESSIVE;
				GCC_WARN_UNUSED_FUNCTION = YES;
				GCC_WARN_UNUSED_VARIABLE = YES;
				IPHONEOS_DEPLOYMENT_TARGET = 7.1;
				SDKROOT = iphoneos;
				VALIDATE_PRODUCT = YES;
			};
			name = Release;
		};
		56A19538192E8A8F0077F539 /* Debug */ = {
			isa = XCBuildConfiguration;
			buildSettings = {
				ASSETCATALOG_COMPILER_APPICON_NAME = AppIcon;
				ASSETCATALOG_COMPILER_LAUNCHIMAGE_NAME = LaunchImage;
				GCC_PRECOMPILE_PREFIX_HEADER = YES;
				GCC_PREFIX_HEADER = "PassingData/PassingData-Prefix.pch";
				INFOPLIST_FILE = "PassingData/PassingData-Info.plist";
				PRODUCT_NAME = "$(TARGET_NAME)";
				WRAPPER_EXTENSION = app;
			};
			name = Debug;
		};
		56A19539192E8A8F0077F539 /* Release */ = {
			isa = XCBuildConfiguration;
			buildSettings = {
				ASSETCATALOG_COMPILER_APPICON_NAME = AppIcon;
				ASSETCATALOG_COMPILER_LAUNCHIMAGE_NAME = LaunchImage;
				GCC_PRECOMPILE_PREFIX_HEADER = YES;
				GCC_PREFIX_HEADER = "PassingData/PassingData-Prefix.pch";
				INFOPLIST_FILE = "PassingData/PassingData-Info.plist";
				PRODUCT_NAME = "$(TARGET_NAME)";
				WRAPPER_EXTENSION = app;
			};
			name = Release;
		};
		56A1953B192E8A8F0077F539 /* Debug */ = {
			isa = XCBuildConfiguration;
			buildSettings = {
				BUNDLE_LOADER = "$(BUILT_PRODUCTS_DIR)/PassingData.app/PassingData";
				FRAMEWORK_SEARCH_PATHS = (
					"$(SDKROOT)/Developer/Library/Frameworks",
					"$(inherited)",
					"$(DEVELOPER_FRAMEWORKS_DIR)",
				);
				GCC_PRECOMPILE_PREFIX_HEADER = YES;
				GCC_PREFIX_HEADER = "PassingData/PassingData-Prefix.pch";
				GCC_PREPROCESSOR_DEFINITIONS = (
					"DEBUG=1",
					"$(inherited)",
				);
				INFOPLIST_FILE = "PassingDataTests/PassingDataTests-Info.plist";
				PRODUCT_NAME = "$(TARGET_NAME)";
				TEST_HOST = "$(BUNDLE_LOADER)";
				WRAPPER_EXTENSION = xctest;
			};
			name = Debug;
		};
		56A1953C192E8A8F0077F539 /* Release */ = {
			isa = XCBuildConfiguration;
			buildSettings = {
				BUNDLE_LOADER = "$(BUILT_PRODUCTS_DIR)/PassingData.app/PassingData";
				FRAMEWORK_SEARCH_PATHS = (
					"$(SDKROOT)/Developer/Library/Frameworks",
					"$(inherited)",
					"$(DEVELOPER_FRAMEWORKS_DIR)",
				);
				GCC_PRECOMPILE_PREFIX_HEADER = YES;
				GCC_PREFIX_HEADER = "PassingData/PassingData-Prefix.pch";
				INFOPLIST_FILE = "PassingDataTests/PassingDataTests-Info.plist";
				PRODUCT_NAME = "$(TARGET_NAME)";
				TEST_HOST = "$(BUNDLE_LOADER)";
				WRAPPER_EXTENSION = xctest;
			};
			name = Release;
		};
/* End XCBuildConfiguration section */

/* Begin XCConfigurationList section */
		56A19506192E8A8E0077F539 /* Build configuration list for PBXProject "PassingData" */ = {
			isa = XCConfigurationList;
			buildConfigurations = (
				56A19535192E8A8F0077F539 /* Debug */,
				56A19536192E8A8F0077F539 /* Release */,
			);
			defaultConfigurationIsVisible = 0;
			defaultConfigurationName = Release;
		};
		56A19537192E8A8F0077F539 /* Build configuration list for PBXNativeTarget "PassingData" */ = {
			isa = XCConfigurationList;
			buildConfigurations = (
				56A19538192E8A8F0077F539 /* Debug */,
				56A19539192E8A8F0077F539 /* Release */,
			);
			defaultConfigurationIsVisible = 0;
		};
		56A1953A192E8A8F0077F539 /* Build configuration list for PBXNativeTarget "PassingDataTests" */ = {
			isa = XCConfigurationList;
			buildConfigurations = (
				56A1953B192E8A8F0077F539 /* Debug */,
				56A1953C192E8A8F0077F539 /* Release */,
			);
			defaultConfigurationIsVisible = 0;
		};
/* End XCConfigurationList section */
	};
	rootObject = 56A19503192E8A8E0077F539 /* Project object */;
}
